
Microsoft Visual Studio Solution File, Format Version 12.00
Project("{FAE04EC0-301F-11D3-BF4B-00C04F79EFBC}") = "graphics-lab-five", "graphics-lab-five.csproj", "{8E482751-0B99-4C5E-B25C-FF18F41C2340}"
EndProject
Global
	GlobalSection(SolutionConfigurationPlatforms) = preSolution
		Debug|Any CPU = Debug|Any CPU
		Release|Any CPU = Release|Any CPU
	EndGlobalSection
	GlobalSection(ProjectConfigurationPlatforms) = postSolution
		{8E482751-0B99-4C5E-B25C-FF18F41C2340}.Debug|Any CPU.ActiveCfg = Debug|Any CPU
		{8E482751-0B99-4C5E-B25C-FF18F41C2340}.Debug|Any CPU.Build.0 = Debug|Any CPU
		{8E482751-0B99-4C5E-B25C-FF18F41C2340}.Release|Any CPU.ActiveCfg = Release|Any CPU
		{8E482751-0B99-4C5E-B25C-FF18F41C2340}.Release|Any CPU.Build.0 = Release|Any CPU
	EndGlobalSection
EndGlobal
